
Microsoft Visual Studio Solution File, Format Version 12.00
# Visual Studio 15
VisualStudioVersion = 15.0.27130.2027
MinimumVisualStudioVersion = 10.0.40219.1
Project("{FAE04EC0-301F-11D3-BF4B-00C04F79EFBC}") = "AutoMapperSample", "AutoMapperSample\AutoMapperSample.csproj", "{A6CDF5D7-7ADA-41CD-B920-F4525698C884}"
EndProject
Global
	GlobalSection(SolutionConfigurationPlatforms) = preSolution
		Debug|Any CPU = Debug|Any CPU
		Release|Any CPU = Release|Any CPU
	EndGlobalSection
	GlobalSection(ProjectConfigurationPlatforms) = postSolution
		{A6CDF5D7-7ADA-41CD-B920-F4525698C884}.Debug|Any CPU.ActiveCfg = Debug|Any CPU
		{A6CDF5D7-7ADA-41CD-B920-F4525698C884}.Debug|Any CPU.Build.0 = Debug|Any CPU
		{A6CDF5D7-7ADA-41CD-B920-F4525698C884}.Release|Any CPU.ActiveCfg = Release|Any CPU
		{A6CDF5D7-7ADA-41CD-B920-F4525698C884}.Release|Any CPU.Build.0 = Release|Any CPU
	EndGlobalSection
	GlobalSection(SolutionProperties) = preSolution
		HideSolutionNode = FALSE
	EndGlobalSection
	GlobalSection(ExtensibilityGlobals) = postSolution
		SolutionGuid = {32F8D530-A9F0-44AA-9390-C6EA94CB7EEA}
	EndGlobalSection
EndGlobal
